// !$*UTF8*$!
{
	archiveVersion = 1;
	classes = {
	};
	objectVersion = 52;
	objects = {

/* Begin PBXBuildFile section */
		5A05544A25247E46008C9D52 /* StartScreen.swift in Sources */ = {isa = PBXBuildFile; fileRef = 5A05544925247E46008C9D52 /* StartScreen.swift */; };
		5A06795A24F82FC100AA45B8 /* AppTabView.swift in Sources */ = {isa = PBXBuildFile; fileRef = 5A06795924F82FC100AA45B8 /* AppTabView.swift */; };
		5A06795C24F82FE500AA45B8 /* DashboardView.swift in Sources */ = {isa = PBXBuildFile; fileRef = 5A06795B24F82FE500AA45B8 /* DashboardView.swift */; };
		5A06795E24F8303C00AA45B8 /* Cart.swift in Sources */ = {isa = PBXBuildFile; fileRef = 5A06795D24F8303C00AA45B8 /* Cart.swift */; };
		5A06796024F832F500AA45B8 /* SettingsView.swift in Sources */ = {isa = PBXBuildFile; fileRef = 5A06795F24F832F500AA45B8 /* SettingsView.swift */; };
		5A06796224F8337D00AA45B8 /* LogbookView.swift in Sources */ = {isa = PBXBuildFile; fileRef = 5A06796124F8337D00AA45B8 /* LogbookView.swift */; };
		5A0C3AE325024011008AE6C7 /* DestinationAmountView.swift in Sources */ = {isa = PBXBuildFile; fileRef = 5A0C3AE225024011008AE6C7 /* DestinationAmountView.swift */; };
		5A0C3AE52502403E008AE6C7 /* DestinationAmountInputView.swift in Sources */ = {isa = PBXBuildFile; fileRef = 5A0C3AE42502403E008AE6C7 /* DestinationAmountInputView.swift */; };
		5A120AE82731651900AB9296 /* ButtonStyles.swift in Sources */ = {isa = PBXBuildFile; fileRef = 5A120AE72731651900AB9296 /* ButtonStyles.swift */; };
		5A17C48F2515104700E2B13A /* LogbookCopyView.swift in Sources */ = {isa = PBXBuildFile; fileRef = 5A17C48E2515104700E2B13A /* LogbookCopyView.swift */; };
		5A21005126EF556E00AB6204 /* ExportListView.swift in Sources */ = {isa = PBXBuildFile; fileRef = 5A21005026EF556E00AB6204 /* ExportListView.swift */; };
		5A21005326EF557D00AB6204 /* ExportView.swift in Sources */ = {isa = PBXBuildFile; fileRef = 5A21005226EF557D00AB6204 /* ExportView.swift */; };
		5A21005526EF5AF000AB6204 /* ImportListView.swift in Sources */ = {isa = PBXBuildFile; fileRef = 5A21005426EF5AF000AB6204 /* ImportListView.swift */; };
		5A21005A26EFB06B00AB6204 /* TestListView.swift in Sources */ = {isa = PBXBuildFile; fileRef = 5A21005926EFB06B00AB6204 /* TestListView.swift */; };
		5A21005D26EFB08A00AB6204 /* TestView.swift in Sources */ = {isa = PBXBuildFile; fileRef = 5A21005C26EFB08A00AB6204 /* TestView.swift */; };
		5A21175026F1EF2B00CCF542 /* ExportHelper.swift in Sources */ = {isa = PBXBuildFile; fileRef = 5A21174F26F1EF2B00CCF542 /* ExportHelper.swift */; };
		5A21175326F1EF9100CCF542 /* Doc.swift in Sources */ = {isa = PBXBuildFile; fileRef = 5A21175226F1EF9100CCF542 /* Doc.swift */; };
		5A241E4C25272F4700867BD6 /* LaunchScreen.storyboard in Resources */ = {isa = PBXBuildFile; fileRef = 5A1AA76F250BB859001BAE8E /* LaunchScreen.storyboard */; };
		5A29013B250811C0003E48F6 /* MailView.swift in Sources */ = {isa = PBXBuildFile; fileRef = 5A29013A250811C0003E48F6 /* MailView.swift */; };
		5A2A7F07250A6A71004BD9BF /* Shapes.swift in Sources */ = {isa = PBXBuildFile; fileRef = 5A3804C925017C0500D9FAF4 /* Shapes.swift */; };
		5A2E051D2503B2910011DA50 /* InformationView.swift in Sources */ = {isa = PBXBuildFile; fileRef = 5A2E051C2503B2910011DA50 /* InformationView.swift */; };
		5A2E051F2503B48E0011DA50 /* InformationListView.swift in Sources */ = {isa = PBXBuildFile; fileRef = 5A2E051E2503B48E0011DA50 /* InformationListView.swift */; };
		5A30846B252354A3008A2DA3 /* FirstStartApp.swift in Sources */ = {isa = PBXBuildFile; fileRef = 5A30846A252354A3008A2DA3 /* FirstStartApp.swift */; };
		5A3577BC251BC01F0097521A /* ProductAmountInputView.swift in Sources */ = {isa = PBXBuildFile; fileRef = 5A3577BB251BC01F0097521A /* ProductAmountInputView.swift */; };
		5A3804CA25017C0500D9FAF4 /* Shapes.swift in Sources */ = {isa = PBXBuildFile; fileRef = 5A3804C925017C0500D9FAF4 /* Shapes.swift */; };
		5A394E3724FE5C3300E046A6 /* LogbookProductDetailView.swift in Sources */ = {isa = PBXBuildFile; fileRef = 5A394E3624FE5C3300E046A6 /* LogbookProductDetailView.swift */; };
		5A394E3924FE5C7700E046A6 /* LogbookProductListView.swift in Sources */ = {isa = PBXBuildFile; fileRef = 5A394E3824FE5C7700E046A6 /* LogbookProductListView.swift */; };
		5A45767626F7599900BE6CAF /* LabelIconView.swift in Sources */ = {isa = PBXBuildFile; fileRef = 5A45767526F7599900BE6CAF /* LabelIconView.swift */; };
		5A47423C24FEE2EC000E5222 /* PrintHelper.swift in Sources */ = {isa = PBXBuildFile; fileRef = 5A47423B24FEE2EC000E5222 /* PrintHelper.swift */; };
		5A49F0DB2509588F00476CD7 /* WidgetKit.framework in Frameworks */ = {isa = PBXBuildFile; fileRef = 5A49F0C32509587000476CD7 /* WidgetKit.framework */; platformFilter = ios; };
		5A49F0DC2509588F00476CD7 /* SwiftUI.framework in Frameworks */ = {isa = PBXBuildFile; fileRef = 5A49F0C52509587000476CD7 /* SwiftUI.framework */; };
		5A49F0DF2509588F00476CD7 /* WidgetView.swift in Sources */ = {isa = PBXBuildFile; fileRef = 5A49F0DE2509588F00476CD7 /* WidgetView.swift */; };
		5A49F0E82509588F00476CD7 /* WidgetViewExtension.appex in Embed Foundation Extensions */ = {isa = PBXBuildFile; fileRef = 5A49F0DA2509588F00476CD7 /* WidgetViewExtension.appex */; settings = {ATTRIBUTES = (RemoveHeadersOnCopy, ); }; };
		5A51015F25060E640043908E /* EachMealTotalView.swift in Sources */ = {isa = PBXBuildFile; fileRef = 5A51015E25060E640043908E /* EachMealTotalView.swift */; };
		5A510161250615270043908E /* EachMealTotalListView.swift in Sources */ = {isa = PBXBuildFile; fileRef = 5A510160250615270043908E /* EachMealTotalListView.swift */; };
		5A510165250647190043908E /* EachMealTotalAmountView.swift in Sources */ = {isa = PBXBuildFile; fileRef = 5A510164250647190043908E /* EachMealTotalAmountView.swift */; };
		5A51016A250650570043908E /* DatePickerView.swift in Sources */ = {isa = PBXBuildFile; fileRef = 5A510169250650570043908E /* DatePickerView.swift */; };
		5A51016C250650EE0043908E /* DatePickerListView.swift in Sources */ = {isa = PBXBuildFile; fileRef = 5A51016B250650EE0043908E /* DatePickerListView.swift */; };
		5A51016E250655E20043908E /* DatePickerButtonView.swift in Sources */ = {isa = PBXBuildFile; fileRef = 5A51016D250655E20043908E /* DatePickerButtonView.swift */; };
		5A510175250683350043908E /* ChangeAmountView.swift in Sources */ = {isa = PBXBuildFile; fileRef = 5A510174250683350043908E /* ChangeAmountView.swift */; };
		5A510177250688060043908E /* ChangeAmountInputView.swift in Sources */ = {isa = PBXBuildFile; fileRef = 5A510176250688060043908E /* ChangeAmountInputView.swift */; };
		5A515BAF24F9021300558DB3 /* productNutritionView.swift in Sources */ = {isa = PBXBuildFile; fileRef = 5A515BAE24F9021300558DB3 /* productNutritionView.swift */; };
		5A515BB124F9120900558DB3 /* AmountView.swift in Sources */ = {isa = PBXBuildFile; fileRef = 5A515BB024F9120900558DB3 /* AmountView.swift */; };
		5A5AEE7126F07FD40022706A /* TestView2.swift in Sources */ = {isa = PBXBuildFile; fileRef = 5A5AEE7026F07FD40022706A /* TestView2.swift */; };
		5A5AEE7B26F0BE5E0022706A /* BetaSignView.swift in Sources */ = {isa = PBXBuildFile; fileRef = 5A5AEE7A26F0BE5E0022706A /* BetaSignView.swift */; };
		5A5AEE7E26F0CF780022706A /* WebView.swift in Sources */ = {isa = PBXBuildFile; fileRef = 5A5AEE7D26F0CF780022706A /* WebView.swift */; };
		5A69C4F8253D8024005CB4A0 /* BarForWidgetView.swift in Sources */ = {isa = PBXBuildFile; fileRef = 5A70D603250ABD9A00BEF6EE /* BarForWidgetView.swift */; };
		5A69C50F253DE18A005CB4A0 /* AppData.swift in Sources */ = {isa = PBXBuildFile; fileRef = 5A69C50E253DE18A005CB4A0 /* AppData.swift */; };
		5A6D750024FA8CE7004EDD53 /* Extensions.swift in Sources */ = {isa = PBXBuildFile; fileRef = 5A6D74FF24FA8CE7004EDD53 /* Extensions.swift */; };
		5A6D750224FA8F4D004EDD53 /* AmountInputView.swift in Sources */ = {isa = PBXBuildFile; fileRef = 5A6D750124FA8F4D004EDD53 /* AmountInputView.swift */; };
		5A6D750824FAD296004EDD53 /* productNutritionCollectionView.swift in Sources */ = {isa = PBXBuildFile; fileRef = 5A6D750724FAD296004EDD53 /* productNutritionCollectionView.swift */; };
		5A6E16C42729CF8700FED93F /* ImportView.swift in Sources */ = {isa = PBXBuildFile; fileRef = 5A6E16C32729CF8700FED93F /* ImportView.swift */; };
		5A6F8E0C2716CAC800B8A3A6 /* Localizable.strings in Resources */ = {isa = PBXBuildFile; fileRef = 5A6F8E0F2716CAC800B8A3A6 /* Localizable.strings */; };
		5A6F8E0D2716CAC800B8A3A6 /* Localizable.strings in Resources */ = {isa = PBXBuildFile; fileRef = 5A6F8E0F2716CAC800B8A3A6 /* Localizable.strings */; };
		5A749BEB2508C7A500E3EE82 /* ContactListView.swift in Sources */ = {isa = PBXBuildFile; fileRef = 5A749BEA2508C7A500E3EE82 /* ContactListView.swift */; };
		5A820E5C250A8780003C7E81 /* PrintHelper.swift in Sources */ = {isa = PBXBuildFile; fileRef = 5A47423B24FEE2EC000E5222 /* PrintHelper.swift */; };
		5A8E26CE251208B200E6F472 /* ProductsView.swift in Sources */ = {isa = PBXBuildFile; fileRef = 5A8E26CD251208B200E6F472 /* ProductsView.swift */; };
		5A8E26D82512110D00E6F472 /* ProductConfigurationView.swift in Sources */ = {isa = PBXBuildFile; fileRef = 5A8E26D72512110D00E6F472 /* ProductConfigurationView.swift */; };
		5A8E26DD2512123F00E6F472 /* ProductConfigurationAmountInputView.swift in Sources */ = {isa = PBXBuildFile; fileRef = 5A8E26DC2512123F00E6F472 /* ProductConfigurationAmountInputView.swift */; };
		5A8E26E425121ABE00E6F472 /* ProductOrder.swift in Sources */ = {isa = PBXBuildFile; fileRef = 5A8E26E325121ABE00E6F472 /* ProductOrder.swift */; };
		5AA4327724F7F5040088424F /* KalorientrackerApp.swift in Sources */ = {isa = PBXBuildFile; fileRef = 5AA4327624F7F5040088424F /* KalorientrackerApp.swift */; };
		5AA4329524F7F93C0088424F /* Product.swift in Sources */ = {isa = PBXBuildFile; fileRef = 5AA4329424F7F93C0088424F /* Product.swift */; };
		5AA4329B24F801370088424F /* ProductListView.swift in Sources */ = {isa = PBXBuildFile; fileRef = 5AA4329A24F801370088424F /* ProductListView.swift */; };
		5AA4329D24F8031E0088424F /* ProductDetailView.swift in Sources */ = {isa = PBXBuildFile; fileRef = 5AA4329C24F8031E0088424F /* ProductDetailView.swift */; };
		5AA4329F24F821170088424F /* LabelView.swift in Sources */ = {isa = PBXBuildFile; fileRef = 5AA4329E24F821170088424F /* LabelView.swift */; };
		5AACD7122519F3CF0027A548 /* ProductEditView.swift in Sources */ = {isa = PBXBuildFile; fileRef = 5AACD7112519F3CF0027A548 /* ProductEditView.swift */; };
		5AB575C527287F0E00676A1D /* CircleView.swift in Sources */ = {isa = PBXBuildFile; fileRef = 5AB575C12728665000676A1D /* CircleView.swift */; };
		5AB575C627287F4C00676A1D /* BarForWidgetView.swift in Sources */ = {isa = PBXBuildFile; fileRef = 5A70D603250ABD9A00BEF6EE /* BarForWidgetView.swift */; };
		5AB575C72728811600676A1D /* CircleView.swift in Sources */ = {isa = PBXBuildFile; fileRef = 5AB575C12728665000676A1D /* CircleView.swift */; };
		5AB585282506CA7C003F9940 /* DatePickerForListView.swift in Sources */ = {isa = PBXBuildFile; fileRef = 5AB585272506CA7C003F9940 /* DatePickerForListView.swift */; };
		5ABDD31027293CCC00E949D3 /* WidgetData.swift in Sources */ = {isa = PBXBuildFile; fileRef = 5ABDD30F27293CCC00E949D3 /* WidgetData.swift */; };
		5ABDD31127293D5C00E949D3 /* WidgetData.swift in Sources */ = {isa = PBXBuildFile; fileRef = 5ABDD30F27293CCC00E949D3 /* WidgetData.swift */; };
		5AC5428526DA1D7D00720123 /* ResetView.swift in Sources */ = {isa = PBXBuildFile; fileRef = 5AC5428426DA1D7D00720123 /* ResetView.swift */; };
		5AC5428726DA1DDB00720123 /* ResetListView.swift in Sources */ = {isa = PBXBuildFile; fileRef = 5AC5428626DA1DDB00720123 /* ResetListView.swift */; };
		5AC9B9B9250010FE0066030C /* LogbookProductSectionView.swift in Sources */ = {isa = PBXBuildFile; fileRef = 5AC9B9B8250010FE0066030C /* LogbookProductSectionView.swift */; };
		5AC9B9BB250018020066030C /* BarView.swift in Sources */ = {isa = PBXBuildFile; fileRef = 5AC9B9BA250018020066030C /* BarView.swift */; };
		5AD3367526EE6E7900AB4EBC /* AppInformation.swift in Sources */ = {isa = PBXBuildFile; fileRef = 5AD3367426EE6E7900AB4EBC /* AppInformation.swift */; };
		5AD3448E2754D4F90002F63F /* TrainingSettings.swift in Sources */ = {isa = PBXBuildFile; fileRef = 5AD3448D2754D4F90002F63F /* TrainingSettings.swift */; };
		5ADA9614250D535E00C9DEE1 /* Assets.xcassets in Resources */ = {isa = PBXBuildFile; fileRef = 5AA4327A24F7F5050088424F /* Assets.xcassets */; };
		5ADA9615250D535F00C9DEE1 /* Assets.xcassets in Resources */ = {isa = PBXBuildFile; fileRef = 5AA4327A24F7F5050088424F /* Assets.xcassets */; };
		5ADCAE3225027ADC00E71D3E /* DestinationAmountListView.swift in Sources */ = {isa = PBXBuildFile; fileRef = 5ADCAE3125027ADC00E71D3E /* DestinationAmountListView.swift */; };
		5AF7E12825165CC400B6F0B6 /* ProductFilteredListView.swift in Sources */ = {isa = PBXBuildFile; fileRef = 5AF7E12725165CC400B6F0B6 /* ProductFilteredListView.swift */; };
		5AFCA61E251F983200A8080D /* ProductButton.swift in Sources */ = {isa = PBXBuildFile; fileRef = 5AFCA61D251F983200A8080D /* ProductButton.swift */; };
/* End PBXBuildFile section */

/* Begin PBXContainerItemProxy section */
		5A49F0E62509588F00476CD7 /* PBXContainerItemProxy */ = {
			isa = PBXContainerItemProxy;
			containerPortal = 5AA4326B24F7F5040088424F /* Project object */;
			proxyType = 1;
			remoteGlobalIDString = 5A49F0D92509588F00476CD7;
			remoteInfo = WidgetViewExtension;
		};
/* End PBXContainerItemProxy section */

/* Begin PBXCopyFilesBuildPhase section */
		5A49F0BA250957ED00476CD7 /* Embed Foundation Extensions */ = {
			isa = PBXCopyFilesBuildPhase;
			buildActionMask = 2147483647;
			dstPath = "";
			dstSubfolderSpec = 13;
			files = (
				5A49F0E82509588F00476CD7 /* WidgetViewExtension.appex in Embed Foundation Extensions */,
			);
			name = "Embed Foundation Extensions";
			runOnlyForDeploymentPostprocessing = 0;
		};
/* End PBXCopyFilesBuildPhase section */

/* Begin PBXFileReference section */
		5A05544925247E46008C9D52 /* StartScreen.swift */ = {isa = PBXFileReference; lastKnownFileType = sourcecode.swift; path = StartScreen.swift; sourceTree = "<group>"; };
		5A06795924F82FC100AA45B8 /* AppTabView.swift */ = {isa = PBXFileReference; lastKnownFileType = sourcecode.swift; path = AppTabView.swift; sourceTree = "<group>"; };
		5A06795B24F82FE500AA45B8 /* DashboardView.swift */ = {isa = PBXFileReference; lastKnownFileType = sourcecode.swift; path = DashboardView.swift; sourceTree = "<group>"; };
		5A06795D24F8303C00AA45B8 /* Cart.swift */ = {isa = PBXFileReference; lastKnownFileType = sourcecode.swift; path = Cart.swift; sourceTree = "<group>"; };
		5A06795F24F832F500AA45B8 /* SettingsView.swift */ = {isa = PBXFileReference; lastKnownFileType = sourcecode.swift; path = SettingsView.swift; sourceTree = "<group>"; };
		5A06796124F8337D00AA45B8 /* LogbookView.swift */ = {isa = PBXFileReference; lastKnownFileType = sourcecode.swift; path = LogbookView.swift; sourceTree = "<group>"; };
		5A0C3AE225024011008AE6C7 /* DestinationAmountView.swift */ = {isa = PBXFileReference; lastKnownFileType = sourcecode.swift; path = DestinationAmountView.swift; sourceTree = "<group>"; };
		5A0C3AE42502403E008AE6C7 /* DestinationAmountInputView.swift */ = {isa = PBXFileReference; lastKnownFileType = sourcecode.swift; path = DestinationAmountInputView.swift; sourceTree = "<group>"; };
		5A120AE72731651900AB9296 /* ButtonStyles.swift */ = {isa = PBXFileReference; lastKnownFileType = sourcecode.swift; path = ButtonStyles.swift; sourceTree = "<group>"; };
		5A17C48E2515104700E2B13A /* LogbookCopyView.swift */ = {isa = PBXFileReference; lastKnownFileType = sourcecode.swift; path = LogbookCopyView.swift; sourceTree = "<group>"; };
		5A1AA76F250BB859001BAE8E /* LaunchScreen.storyboard */ = {isa = PBXFileReference; lastKnownFileType = file.storyboard; path = LaunchScreen.storyboard; sourceTree = "<group>"; };
		5A1FBE2A250784CD00EED1AF /* Kalorientracker.entitlements */ = {isa = PBXFileReference; lastKnownFileType = text.plist.entitlements; path = Kalorientracker.entitlements; sourceTree = "<group>"; };
		5A21005026EF556E00AB6204 /* ExportListView.swift */ = {isa = PBXFileReference; lastKnownFileType = sourcecode.swift; path = ExportListView.swift; sourceTree = "<group>"; };
		5A21005226EF557D00AB6204 /* ExportView.swift */ = {isa = PBXFileReference; lastKnownFileType = sourcecode.swift; path = ExportView.swift; sourceTree = "<group>"; };
		5A21005426EF5AF000AB6204 /* ImportListView.swift */ = {isa = PBXFileReference; lastKnownFileType = sourcecode.swift; path = ImportListView.swift; sourceTree = "<group>"; };
		5A21005926EFB06B00AB6204 /* TestListView.swift */ = {isa = PBXFileReference; lastKnownFileType = sourcecode.swift; path = TestListView.swift; sourceTree = "<group>"; };
		5A21005C26EFB08A00AB6204 /* TestView.swift */ = {isa = PBXFileReference; lastKnownFileType = sourcecode.swift; path = TestView.swift; sourceTree = "<group>"; };
		5A21174F26F1EF2B00CCF542 /* ExportHelper.swift */ = {isa = PBXFileReference; lastKnownFileType = sourcecode.swift; path = ExportHelper.swift; sourceTree = "<group>"; };
		5A21175226F1EF9100CCF542 /* Doc.swift */ = {isa = PBXFileReference; lastKnownFileType = sourcecode.swift; path = Doc.swift; sourceTree = "<group>"; };
		5A29013A250811C0003E48F6 /* MailView.swift */ = {isa = PBXFileReference; lastKnownFileType = sourcecode.swift; path = MailView.swift; sourceTree = "<group>"; };
		5A2A7F11250A7810004BD9BF /* WidgetViewExtension.entitlements */ = {isa = PBXFileReference; lastKnownFileType = text.plist.entitlements; path = WidgetViewExtension.entitlements; sourceTree = "<group>"; };
		5A2E051C2503B2910011DA50 /* InformationView.swift */ = {isa = PBXFileReference; lastKnownFileType = sourcecode.swift; path = InformationView.swift; sourceTree = "<group>"; };
		5A2E051E2503B48E0011DA50 /* InformationListView.swift */ = {isa = PBXFileReference; lastKnownFileType = sourcecode.swift; path = InformationListView.swift; sourceTree = "<group>"; };
		5A30846A252354A3008A2DA3 /* FirstStartApp.swift */ = {isa = PBXFileReference; lastKnownFileType = sourcecode.swift; path = FirstStartApp.swift; sourceTree = "<group>"; };
		5A3577BB251BC01F0097521A /* ProductAmountInputView.swift */ = {isa = PBXFileReference; lastKnownFileType = sourcecode.swift; path = ProductAmountInputView.swift; sourceTree = "<group>"; };
		5A3804C925017C0500D9FAF4 /* Shapes.swift */ = {isa = PBXFileReference; lastKnownFileType = sourcecode.swift; path = Shapes.swift; sourceTree = "<group>"; };
		5A394E3624FE5C3300E046A6 /* LogbookProductDetailView.swift */ = {isa = PBXFileReference; lastKnownFileType = sourcecode.swift; path = LogbookProductDetailView.swift; sourceTree = "<group>"; };
		5A394E3824FE5C7700E046A6 /* LogbookProductListView.swift */ = {isa = PBXFileReference; lastKnownFileType = sourcecode.swift; path = LogbookProductListView.swift; sourceTree = "<group>"; };
		5A45767526F7599900BE6CAF /* LabelIconView.swift */ = {isa = PBXFileReference; lastKnownFileType = sourcecode.swift; path = LabelIconView.swift; sourceTree = "<group>"; };
		5A47423B24FEE2EC000E5222 /* PrintHelper.swift */ = {isa = PBXFileReference; fileEncoding = 4; lastKnownFileType = sourcecode.swift; path = PrintHelper.swift; sourceTree = "<group>"; };
		5A49F0C32509587000476CD7 /* WidgetKit.framework */ = {isa = PBXFileReference; lastKnownFileType = wrapper.framework; name = WidgetKit.framework; path = System/Library/Frameworks/WidgetKit.framework; sourceTree = SDKROOT; };
		5A49F0C52509587000476CD7 /* SwiftUI.framework */ = {isa = PBXFileReference; lastKnownFileType = wrapper.framework; name = SwiftUI.framework; path = System/Library/Frameworks/SwiftUI.framework; sourceTree = SDKROOT; };
		5A49F0DA2509588F00476CD7 /* WidgetViewExtension.appex */ = {isa = PBXFileReference; explicitFileType = "wrapper.app-extension"; includeInIndex = 0; path = WidgetViewExtension.appex; sourceTree = BUILT_PRODUCTS_DIR; };
		5A49F0DE2509588F00476CD7 /* WidgetView.swift */ = {isa = PBXFileReference; lastKnownFileType = sourcecode.swift; path = WidgetView.swift; sourceTree = "<group>"; };
		5A49F0E12509588F00476CD7 /* Assets.xcassets */ = {isa = PBXFileReference; lastKnownFileType = folder.assetcatalog; path = Assets.xcassets; sourceTree = "<group>"; };
		5A4B6A0227E78E950029FDA9 /* en */ = {isa = PBXFileReference; lastKnownFileType = file.intentdefinition; name = en; path = en.lproj/WidgetView.intentdefinition; sourceTree = "<group>"; };
		5A51015E25060E640043908E /* EachMealTotalView.swift */ = {isa = PBXFileReference; lastKnownFileType = sourcecode.swift; path = EachMealTotalView.swift; sourceTree = "<group>"; };
		5A510160250615270043908E /* EachMealTotalListView.swift */ = {isa = PBXFileReference; lastKnownFileType = sourcecode.swift; path = EachMealTotalListView.swift; sourceTree = "<group>"; };
		5A510164250647190043908E /* EachMealTotalAmountView.swift */ = {isa = PBXFileReference; lastKnownFileType = sourcecode.swift; path = EachMealTotalAmountView.swift; sourceTree = "<group>"; };
		5A510169250650570043908E /* DatePickerView.swift */ = {isa = PBXFileReference; lastKnownFileType = sourcecode.swift; path = DatePickerView.swift; sourceTree = "<group>"; };
		5A51016B250650EE0043908E /* DatePickerListView.swift */ = {isa = PBXFileReference; lastKnownFileType = sourcecode.swift; path = DatePickerListView.swift; sourceTree = "<group>"; };
		5A51016D250655E20043908E /* DatePickerButtonView.swift */ = {isa = PBXFileReference; lastKnownFileType = sourcecode.swift; path = DatePickerButtonView.swift; sourceTree = "<group>"; };
		5A510174250683350043908E /* ChangeAmountView.swift */ = {isa = PBXFileReference; lastKnownFileType = sourcecode.swift; path = ChangeAmountView.swift; sourceTree = "<group>"; };
		5A510176250688060043908E /* ChangeAmountInputView.swift */ = {isa = PBXFileReference; lastKnownFileType = sourcecode.swift; path = ChangeAmountInputView.swift; sourceTree = "<group>"; };
		5A515BAE24F9021300558DB3 /* productNutritionView.swift */ = {isa = PBXFileReference; lastKnownFileType = sourcecode.swift; path = productNutritionView.swift; sourceTree = "<group>"; };
		5A515BB024F9120900558DB3 /* AmountView.swift */ = {isa = PBXFileReference; lastKnownFileType = sourcecode.swift; path = AmountView.swift; sourceTree = "<group>"; };
		5A5AEE7026F07FD40022706A /* TestView2.swift */ = {isa = PBXFileReference; lastKnownFileType = sourcecode.swift; path = TestView2.swift; sourceTree = "<group>"; };
		5A5AEE7A26F0BE5E0022706A /* BetaSignView.swift */ = {isa = PBXFileReference; lastKnownFileType = sourcecode.swift; path = BetaSignView.swift; sourceTree = "<group>"; };
		5A5AEE7D26F0CF780022706A /* WebView.swift */ = {isa = PBXFileReference; lastKnownFileType = sourcecode.swift; path = WebView.swift; sourceTree = "<group>"; };
		5A69C50E253DE18A005CB4A0 /* AppData.swift */ = {isa = PBXFileReference; lastKnownFileType = sourcecode.swift; path = AppData.swift; sourceTree = "<group>"; };
		5A6D74FF24FA8CE7004EDD53 /* Extensions.swift */ = {isa = PBXFileReference; lastKnownFileType = sourcecode.swift; path = Extensions.swift; sourceTree = "<group>"; };
		5A6D750124FA8F4D004EDD53 /* AmountInputView.swift */ = {isa = PBXFileReference; lastKnownFileType = sourcecode.swift; path = AmountInputView.swift; sourceTree = "<group>"; };
		5A6D750724FAD296004EDD53 /* productNutritionCollectionView.swift */ = {isa = PBXFileReference; lastKnownFileType = sourcecode.swift; path = productNutritionCollectionView.swift; sourceTree = "<group>"; };
		5A6E16C32729CF8700FED93F /* ImportView.swift */ = {isa = PBXFileReference; lastKnownFileType = sourcecode.swift; path = ImportView.swift; sourceTree = "<group>"; };
		5A6F8E0E2716CAC800B8A3A6 /* en */ = {isa = PBXFileReference; lastKnownFileType = text.plist.strings; name = en; path = en.lproj/Localizable.strings; sourceTree = "<group>"; };
		5A6F8E102716CAD800B8A3A6 /* de */ = {isa = PBXFileReference; lastKnownFileType = text.plist.strings; name = de; path = de.lproj/Localizable.strings; sourceTree = "<group>"; };
		5A70D603250ABD9A00BEF6EE /* BarForWidgetView.swift */ = {isa = PBXFileReference; lastKnownFileType = sourcecode.swift; path = BarForWidgetView.swift; sourceTree = "<group>"; };
		5A749BEA2508C7A500E3EE82 /* ContactListView.swift */ = {isa = PBXFileReference; lastKnownFileType = sourcecode.swift; path = ContactListView.swift; sourceTree = "<group>"; };
		5A8E26CD251208B200E6F472 /* ProductsView.swift */ = {isa = PBXFileReference; lastKnownFileType = sourcecode.swift; path = ProductsView.swift; sourceTree = "<group>"; };
		5A8E26D72512110D00E6F472 /* ProductConfigurationView.swift */ = {isa = PBXFileReference; lastKnownFileType = sourcecode.swift; path = ProductConfigurationView.swift; sourceTree = "<group>"; };
		5A8E26DC2512123F00E6F472 /* ProductConfigurationAmountInputView.swift */ = {isa = PBXFileReference; lastKnownFileType = sourcecode.swift; path = ProductConfigurationAmountInputView.swift; sourceTree = "<group>"; };
		5A8E26E325121ABE00E6F472 /* ProductOrder.swift */ = {isa = PBXFileReference; lastKnownFileType = sourcecode.swift; path = ProductOrder.swift; sourceTree = "<group>"; };
		5AA4327324F7F5040088424F /* NUTRI.app */ = {isa = PBXFileReference; explicitFileType = wrapper.application; includeInIndex = 0; path = NUTRI.app; sourceTree = BUILT_PRODUCTS_DIR; };
		5AA4327624F7F5040088424F /* KalorientrackerApp.swift */ = {isa = PBXFileReference; lastKnownFileType = sourcecode.swift; path = KalorientrackerApp.swift; sourceTree = "<group>"; };
		5AA4327A24F7F5050088424F /* Assets.xcassets */ = {isa = PBXFileReference; lastKnownFileType = folder.assetcatalog; path = Assets.xcassets; sourceTree = "<group>"; };
		5AA4327D24F7F5050088424F /* Preview Assets.xcassets */ = {isa = PBXFileReference; lastKnownFileType = folder.assetcatalog; path = "Preview Assets.xcassets"; sourceTree = "<group>"; };
		5AA4329424F7F93C0088424F /* Product.swift */ = {isa = PBXFileReference; lastKnownFileType = sourcecode.swift; path = Product.swift; sourceTree = "<group>"; };
		5AA4329A24F801370088424F /* ProductListView.swift */ = {isa = PBXFileReference; lastKnownFileType = sourcecode.swift; path = ProductListView.swift; sourceTree = "<group>"; };
		5AA4329C24F8031E0088424F /* ProductDetailView.swift */ = {isa = PBXFileReference; lastKnownFileType = sourcecode.swift; path = ProductDetailView.swift; sourceTree = "<group>"; };
		5AA4329E24F821170088424F /* LabelView.swift */ = {isa = PBXFileReference; lastKnownFileType = sourcecode.swift; path = LabelView.swift; sourceTree = "<group>"; };
		5AACD7112519F3CF0027A548 /* ProductEditView.swift */ = {isa = PBXFileReference; lastKnownFileType = sourcecode.swift; path = ProductEditView.swift; sourceTree = "<group>"; };
		5AB575C12728665000676A1D /* CircleView.swift */ = {isa = PBXFileReference; lastKnownFileType = sourcecode.swift; path = CircleView.swift; sourceTree = "<group>"; };
		5AB585272506CA7C003F9940 /* DatePickerForListView.swift */ = {isa = PBXFileReference; lastKnownFileType = sourcecode.swift; path = DatePickerForListView.swift; sourceTree = "<group>"; };
		5ABDD30F27293CCC00E949D3 /* WidgetData.swift */ = {isa = PBXFileReference; lastKnownFileType = sourcecode.swift; path = WidgetData.swift; sourceTree = "<group>"; };
		5AC5428426DA1D7D00720123 /* ResetView.swift */ = {isa = PBXFileReference; lastKnownFileType = sourcecode.swift; path = ResetView.swift; sourceTree = "<group>"; };
		5AC5428626DA1DDB00720123 /* ResetListView.swift */ = {isa = PBXFileReference; lastKnownFileType = sourcecode.swift; path = ResetListView.swift; sourceTree = "<group>"; };
		5AC9B9B8250010FE0066030C /* LogbookProductSectionView.swift */ = {isa = PBXFileReference; lastKnownFileType = sourcecode.swift; path = LogbookProductSectionView.swift; sourceTree = "<group>"; };
		5AC9B9BA250018020066030C /* BarView.swift */ = {isa = PBXFileReference; lastKnownFileType = sourcecode.swift; path = BarView.swift; sourceTree = "<group>"; };
		5ACB04D925407DBB00134239 /* en */ = {isa = PBXFileReference; lastKnownFileType = text.plist.strings; name = en; path = en.lproj/WidgetView.strings; sourceTree = "<group>"; };
		5AD3367426EE6E7900AB4EBC /* AppInformation.swift */ = {isa = PBXFileReference; lastKnownFileType = sourcecode.swift; path = AppInformation.swift; sourceTree = "<group>"; };
		5AD3448D2754D4F90002F63F /* TrainingSettings.swift */ = {isa = PBXFileReference; lastKnownFileType = sourcecode.swift; path = TrainingSettings.swift; sourceTree = "<group>"; };
		5ADCAE3125027ADC00E71D3E /* DestinationAmountListView.swift */ = {isa = PBXFileReference; lastKnownFileType = sourcecode.swift; path = DestinationAmountListView.swift; sourceTree = "<group>"; };
		5AF7E12725165CC400B6F0B6 /* ProductFilteredListView.swift */ = {isa = PBXFileReference; lastKnownFileType = sourcecode.swift; path = ProductFilteredListView.swift; sourceTree = "<group>"; };
		5AFA21E3250D6E7000E4DACE /* Info.plist */ = {isa = PBXFileReference; lastKnownFileType = text.plist.xml; path = Info.plist; sourceTree = "<group>"; };
		5AFA21E4250D6E7C00E4DACE /* Info.plist */ = {isa = PBXFileReference; fileEncoding = 4; lastKnownFileType = text.plist.xml; path = Info.plist; sourceTree = "<group>"; };
		5AFCA61D251F983200A8080D /* ProductButton.swift */ = {isa = PBXFileReference; lastKnownFileType = sourcecode.swift; path = ProductButton.swift; sourceTree = "<group>"; };
/* End PBXFileReference section */

/* Begin PBXFrameworksBuildPhase section */
		5A49F0D72509588F00476CD7 /* Frameworks */ = {
			isa = PBXFrameworksBuildPhase;
			buildActionMask = 2147483647;
			files = (
				5A49F0DC2509588F00476CD7 /* SwiftUI.framework in Frameworks */,
				5A49F0DB2509588F00476CD7 /* WidgetKit.framework in Frameworks */,
			);
			runOnlyForDeploymentPostprocessing = 0;
		};
		5AA4327024F7F5040088424F /* Frameworks */ = {
			isa = PBXFrameworksBuildPhase;
			buildActionMask = 2147483647;
			files = (
			);
			runOnlyForDeploymentPostprocessing = 0;
		};
/* End PBXFrameworksBuildPhase section */

/* Begin PBXGroup section */
		5A05544F25247F50008C9D52 /* Main Files */ = {
			isa = PBXGroup;
			children = (
				5AA4327624F7F5040088424F /* KalorientrackerApp.swift */,
				5A05544925247E46008C9D52 /* StartScreen.swift */,
			);
			name = "Main Files";
			sourceTree = "<group>";
		};
		5A05545225247FB8008C9D52 /* Setup Screen */ = {
			isa = PBXGroup;
			children = (
				5A30846A252354A3008A2DA3 /* FirstStartApp.swift */,
			);
			name = "Setup Screen";
			sourceTree = "<group>";
		};
		5A0C3AE125023FF9008AE6C7 /* Destination Amount */ = {
			isa = PBXGroup;
			children = (
				5AD344902754D5770002F63F /* View */,
				5AD3448F2754D55E0002F63F /* ListView */,
				5AD3448D2754D4F90002F63F /* TrainingSettings.swift */,
			);
			name = "Destination Amount";
			sourceTree = "<group>";
		};
		5A120AE62731650200AB9296 /* Styles */ = {
			isa = PBXGroup;
			children = (
				5A120AE72731651900AB9296 /* ButtonStyles.swift */,
			);
			name = Styles;
			sourceTree = "<group>";
		};
		5A17C48D2515102D00E2B13A /* Copy Logbook */ = {
			isa = PBXGroup;
			children = (
				5A17C48E2515104700E2B13A /* LogbookCopyView.swift */,
			);
			name = "Copy Logbook";
			sourceTree = "<group>";
		};
		5A1F4D2124FD3A89000BBA35 /* AppTabView */ = {
			isa = PBXGroup;
			children = (
				5A06795924F82FC100AA45B8 /* AppTabView.swift */,
			);
			name = AppTabView;
			sourceTree = "<group>";
		};
		5A21004E26EF554C00AB6204 /* BackupView */ = {
			isa = PBXGroup;
			children = (
				5A21175126F1EF6700CCF542 /* Doc & Helper */,
				5A5AEE7726F098E70022706A /* ImportViews */,
				5A5AEE7626F098DD0022706A /* ExportViews */,
			);
			name = BackupView;
			sourceTree = "<group>";
		};
		5A21005B26EFB07300AB6204 /* DeveloperViews */ = {
			isa = PBXGroup;
			children = (
				5A5AEE7926F0BE410022706A /* BetaViews */,
				5A5AEE7826F0BE2E0022706A /* TestViews */,
			);
			name = DeveloperViews;
			sourceTree = "<group>";
		};
		5A21175126F1EF6700CCF542 /* Doc & Helper */ = {
			isa = PBXGroup;
			children = (
				5A21174F26F1EF2B00CCF542 /* ExportHelper.swift */,
				5A21175226F1EF9100CCF542 /* Doc.swift */,
			);
			name = "Doc & Helper";
			sourceTree = "<group>";
		};
		5A29012F2507D44A003E48F6 /* Sheet View */ = {
			isa = PBXGroup;
			children = (
				5A510169250650570043908E /* DatePickerView.swift */,
				5A51016D250655E20043908E /* DatePickerButtonView.swift */,
			);
			name = "Sheet View";
			sourceTree = "<group>";
		};
		5A2901302507D458003E48F6 /* NavigationLinkView */ = {
			isa = PBXGroup;
			children = (
				5A51016B250650EE0043908E /* DatePickerListView.swift */,
				5AB585272506CA7C003F9940 /* DatePickerForListView.swift */,
			);
			name = NavigationLinkView;
			sourceTree = "<group>";
		};
		5A290139250811B1003E48F6 /* MailSheetView */ = {
			isa = PBXGroup;
			children = (
				5A29013A250811C0003E48F6 /* MailView.swift */,
			);
			name = MailSheetView;
			sourceTree = "<group>";
		};
		5A2E051B2503B2800011DA50 /* InformationView */ = {
			isa = PBXGroup;
			children = (
				5A2E051C2503B2910011DA50 /* InformationView.swift */,
				5A2E051E2503B48E0011DA50 /* InformationListView.swift */,
			);
			name = InformationView;
			sourceTree = "<group>";
		};
		5A3804C825017BF400D9FAF4 /* Shapes */ = {
			isa = PBXGroup;
			children = (
				5A3804C925017C0500D9FAF4 /* Shapes.swift */,
			);
			name = Shapes;
			sourceTree = "<group>";
		};
		5A45767426F7597B00BE6CAF /* LabelViews */ = {
			isa = PBXGroup;
			children = (
				5A45767526F7599900BE6CAF /* LabelIconView.swift */,
			);
			name = LabelViews;
			sourceTree = "<group>";
		};
		5A49F0C22509587000476CD7 /* Frameworks */ = {
			isa = PBXGroup;
			children = (
				5A49F0C32509587000476CD7 /* WidgetKit.framework */,
				5A49F0C52509587000476CD7 /* SwiftUI.framework */,
			);
			name = Frameworks;
			sourceTree = "<group>";
		};
		5A49F0DD2509588F00476CD7 /* WidgetView */ = {
			isa = PBXGroup;
			children = (
				5ABDD30E27293CBC00E949D3 /* WidgetData */,
				5A37057F250FAAD0002397A7 /* WidgetView.intentdefinition */,
				5AFA21E3250D6E7000E4DACE /* Info.plist */,
				5A70D602250ABD8600BEF6EE /* BarView */,
				5A820E5E250A9CA9003C7E81 /* CircleView */,
				5A49F0DE2509588F00476CD7 /* WidgetView.swift */,
				5A49F0E12509588F00476CD7 /* Assets.xcassets */,
			);
			path = WidgetView;
			sourceTree = "<group>";
		};
		5A510162250646D90043908E /* Each Meal Total */ = {
			isa = PBXGroup;
			children = (
				5A51015E25060E640043908E /* EachMealTotalView.swift */,
				5A510160250615270043908E /* EachMealTotalListView.swift */,
				5A510164250647190043908E /* EachMealTotalAmountView.swift */,
			);
			name = "Each Meal Total";
			sourceTree = "<group>";
		};
		5A510163250646EB0043908E /* Logbook List */ = {
			isa = PBXGroup;
			children = (
				5A17C48D2515102D00E2B13A /* Copy Logbook */,
				5A06796124F8337D00AA45B8 /* LogbookView.swift */,
				5A394E3824FE5C7700E046A6 /* LogbookProductListView.swift */,
				5A394E3624FE5C3300E046A6 /* LogbookProductDetailView.swift */,
				5AC9B9B8250010FE0066030C /* LogbookProductSectionView.swift */,
			);
			name = "Logbook List";
			sourceTree = "<group>";
		};
		5A510166250650220043908E /* DateSelectionView */ = {
			isa = PBXGroup;
			children = (
				5A29012F2507D44A003E48F6 /* Sheet View */,
				5A2901302507D458003E48F6 /* NavigationLinkView */,
			);
			name = DateSelectionView;
			sourceTree = "<group>";
		};
		5A510173250683250043908E /* Change Amount */ = {
			isa = PBXGroup;
			children = (
				5A510174250683350043908E /* ChangeAmountView.swift */,
				5A510176250688060043908E /* ChangeAmountInputView.swift */,
			);
			name = "Change Amount";
			sourceTree = "<group>";
		};
		5A515BAC24F901A000558DB3 /* SettingsView */ = {
			isa = PBXGroup;
			children = (
				5A21004E26EF554C00AB6204 /* BackupView */,
				5AC5428326DA1D6600720123 /* ResetView */,
				5A749BE92508C78B00E3EE82 /* ContactView */,
				5A2E051B2503B2800011DA50 /* InformationView */,
				5A0C3AE125023FF9008AE6C7 /* Destination Amount */,
				5A06795F24F832F500AA45B8 /* SettingsView.swift */,
			);
			name = SettingsView;
			sourceTree = "<group>";
		};
		5A515BAD24F901B500558DB3 /* LogbookView */ = {
			isa = PBXGroup;
			children = (
				5A510173250683250043908E /* Change Amount */,
				5A510163250646EB0043908E /* Logbook List */,
				5A510162250646D90043908E /* Each Meal Total */,
			);
			name = LogbookView;
			sourceTree = "<group>";
		};
		5A5AEE7626F098DD0022706A /* ExportViews */ = {
			isa = PBXGroup;
			children = (
				5A21005026EF556E00AB6204 /* ExportListView.swift */,
				5A21005226EF557D00AB6204 /* ExportView.swift */,
			);
			name = ExportViews;
			sourceTree = "<group>";
		};
		5A5AEE7726F098E70022706A /* ImportViews */ = {
			isa = PBXGroup;
			children = (
				5A21005426EF5AF000AB6204 /* ImportListView.swift */,
				5A6E16C32729CF8700FED93F /* ImportView.swift */,
			);
			name = ImportViews;
			sourceTree = "<group>";
		};
		5A5AEE7826F0BE2E0022706A /* TestViews */ = {
			isa = PBXGroup;
			children = (
				5A21005926EFB06B00AB6204 /* TestListView.swift */,
				5A21005C26EFB08A00AB6204 /* TestView.swift */,
				5A5AEE7026F07FD40022706A /* TestView2.swift */,
			);
			name = TestViews;
			sourceTree = "<group>";
		};
		5A5AEE7926F0BE410022706A /* BetaViews */ = {
			isa = PBXGroup;
			children = (
				5A5AEE7A26F0BE5E0022706A /* BetaSignView.swift */,
			);
			name = BetaViews;
			sourceTree = "<group>";
		};
		5A5AEE7C26F0CF200022706A /* WebView */ = {
			isa = PBXGroup;
			children = (
				5A5AEE7D26F0CF780022706A /* WebView.swift */,
			);
			name = WebView;
			sourceTree = "<group>";
		};
		5A6D74FE24FA8CCE004EDD53 /* Extensions */ = {
			isa = PBXGroup;
			children = (
				5A6D74FF24FA8CE7004EDD53 /* Extensions.swift */,
			);
			name = Extensions;
			sourceTree = "<group>";
		};
		5A70D602250ABD8600BEF6EE /* BarView */ = {
			isa = PBXGroup;
			children = (
				5A70D603250ABD9A00BEF6EE /* BarForWidgetView.swift */,
			);
			name = BarView;
			sourceTree = "<group>";
		};
		5A749BE92508C78B00E3EE82 /* ContactView */ = {
			isa = PBXGroup;
			children = (
				5A749BEA2508C7A500E3EE82 /* ContactListView.swift */,
			);
			name = ContactView;
			sourceTree = "<group>";
		};
		5A818934250CDED800220253 /* Design ListViewEntry */ = {
			isa = PBXGroup;
			children = (
				5AA4329E24F821170088424F /* LabelView.swift */,
				5AA4329A24F801370088424F /* ProductListView.swift */,
			);
			name = "Design ListViewEntry";
			sourceTree = "<group>";
		};
		5A820E5E250A9CA9003C7E81 /* CircleView */ = {
			isa = PBXGroup;
			children = (
				5AB575C12728665000676A1D /* CircleView.swift */,
			);
			name = CircleView;
			sourceTree = "<group>";
		};
		5A8E26C62512088500E6F472 /* ProductView */ = {
			isa = PBXGroup;
			children = (
				5AFCA61C251F981D00A8080D /* Product Button */,
				5AE551E424FBC3A100899F55 /* Product Detail */,
				5AE551E524FBC3B300899F55 /* ProductAmountView */,
				5A8E26E925121BF800E6F472 /* ListView */,
				5A8E26DB2512122400E6F472 /* Product Configuration */,
			);
			name = ProductView;
			sourceTree = "<group>";
		};
		5A8E26DB2512122400E6F472 /* Product Configuration */ = {
			isa = PBXGroup;
			children = (
				5A3577BB251BC01F0097521A /* ProductAmountInputView.swift */,
				5A8E26DC2512123F00E6F472 /* ProductConfigurationAmountInputView.swift */,
				5A8E26D72512110D00E6F472 /* ProductConfigurationView.swift */,
				5AACD7112519F3CF0027A548 /* ProductEditView.swift */,
			);
			name = "Product Configuration";
			sourceTree = "<group>";
		};
		5A8E26E925121BF800E6F472 /* ListView */ = {
			isa = PBXGroup;
			children = (
				5A818934250CDED800220253 /* Design ListViewEntry */,
				5A8E26CD251208B200E6F472 /* ProductsView.swift */,
				5AF7E12725165CC400B6F0B6 /* ProductFilteredListView.swift */,
			);
			name = ListView;
			sourceTree = "<group>";
		};
		5AA4326A24F7F5040088424F = {
			isa = PBXGroup;
			children = (
				5A2A7F11250A7810004BD9BF /* WidgetViewExtension.entitlements */,
				5AA4327524F7F5040088424F /* Kalorientracker */,
				5A49F0DD2509588F00476CD7 /* WidgetView */,
				5A49F0C22509587000476CD7 /* Frameworks */,
				5AA4327424F7F5040088424F /* Products */,
			);
			sourceTree = "<group>";
		};
		5AA4327424F7F5040088424F /* Products */ = {
			isa = PBXGroup;
			children = (
				5AA4327324F7F5040088424F /* NUTRI.app */,
				5A49F0DA2509588F00476CD7 /* WidgetViewExtension.appex */,
			);
			name = Products;
			sourceTree = "<group>";
		};
		5AA4327524F7F5040088424F /* Kalorientracker */ = {
			isa = PBXGroup;
			children = (
				5A120AE62731650200AB9296 /* Styles */,
				5AD3367326EE6E6200AB4EBC /* AppDatas */,
				5AFA21E4250D6E7C00E4DACE /* Info.plist */,
				5A1FBE2A250784CD00EED1AF /* Kalorientracker.entitlements */,
				5A3804C825017BF400D9FAF4 /* Shapes */,
				5A6D74FE24FA8CCE004EDD53 /* Extensions */,
				5AA4328A24F7F7A80088424F /* Helper */,
				5AA4328524F7F5100088424F /* Views */,
				5AA4327A24F7F5050088424F /* Assets.xcassets */,
				5AA4327C24F7F5050088424F /* Preview Content */,
				5A1AA76F250BB859001BAE8E /* LaunchScreen.storyboard */,
				5A6F8E0F2716CAC800B8A3A6 /* Localizable.strings */,
			);
			path = Kalorientracker;
			sourceTree = "<group>";
		};
		5AA4327C24F7F5050088424F /* Preview Content */ = {
			isa = PBXGroup;
			children = (
				5AA4327D24F7F5050088424F /* Preview Assets.xcassets */,
			);
			path = "Preview Content";
			sourceTree = "<group>";
		};
		5AA4328524F7F5100088424F /* Views */ = {
			isa = PBXGroup;
			children = (
				5AA4329124F7F8BC0088424F /* Cart and Product Configuration */,
				5A5AEE7C26F0CF200022706A /* WebView */,
				5A45767426F7597B00BE6CAF /* LabelViews */,
				5A21005B26EFB07300AB6204 /* DeveloperViews */,
				5A1F4D2124FD3A89000BBA35 /* AppTabView */,
				5A05544F25247F50008C9D52 /* Main Files */,
				5A05545225247FB8008C9D52 /* Setup Screen */,
				5A290139250811B1003E48F6 /* MailSheetView */,
				5A510166250650220043908E /* DateSelectionView */,
				5A8E26C62512088500E6F472 /* ProductView */,
				5AE551E224FBC30000899F55 /* DashboardView */,
				5A515BAD24F901B500558DB3 /* LogbookView */,
				5A515BAC24F901A000558DB3 /* SettingsView */,
			);
			name = Views;
			sourceTree = "<group>";
		};
		5AA4328A24F7F7A80088424F /* Helper */ = {
			isa = PBXGroup;
			children = (
				5A47423B24FEE2EC000E5222 /* PrintHelper.swift */,
			);
			name = Helper;
			sourceTree = "<group>";
		};
		5AA4329124F7F8BC0088424F /* Cart and Product Configuration */ = {
			isa = PBXGroup;
			children = (
				5A8E26E325121ABE00E6F472 /* ProductOrder.swift */,
				5AA4329424F7F93C0088424F /* Product.swift */,
				5A06795D24F8303C00AA45B8 /* Cart.swift */,
			);
			name = "Cart and Product Configuration";
			sourceTree = "<group>";
		};
		5ABDD30E27293CBC00E949D3 /* WidgetData */ = {
			isa = PBXGroup;
			children = (
				5ABDD30F27293CCC00E949D3 /* WidgetData.swift */,
			);
			name = WidgetData;
			sourceTree = "<group>";
		};
		5AC5428326DA1D6600720123 /* ResetView */ = {
			isa = PBXGroup;
			children = (
				5AC5428426DA1D7D00720123 /* ResetView.swift */,
				5AC5428626DA1DDB00720123 /* ResetListView.swift */,
			);
			name = ResetView;
			sourceTree = "<group>";
		};
		5AD3367326EE6E6200AB4EBC /* AppDatas */ = {
			isa = PBXGroup;
			children = (
				5AD3367426EE6E7900AB4EBC /* AppInformation.swift */,
				5A69C50E253DE18A005CB4A0 /* AppData.swift */,
			);
			path = AppDatas;
			sourceTree = "<group>";
		};
		5AD3448F2754D55E0002F63F /* ListView */ = {
			isa = PBXGroup;
			children = (
				5ADCAE3125027ADC00E71D3E /* DestinationAmountListView.swift */,
			);
			path = ListView;
			sourceTree = "<group>";
		};
		5AD344902754D5770002F63F /* View */ = {
			isa = PBXGroup;
			children = (
				5A0C3AE225024011008AE6C7 /* DestinationAmountView.swift */,
				5A0C3AE42502403E008AE6C7 /* DestinationAmountInputView.swift */,
			);
			name = View;
			path = ListView;
			sourceTree = "<group>";
		};
		5AE551E224FBC30000899F55 /* DashboardView */ = {
			isa = PBXGroup;
			children = (
				5A06795B24F82FE500AA45B8 /* DashboardView.swift */,
				5AC9B9BA250018020066030C /* BarView.swift */,
			);
			name = DashboardView;
			sourceTree = "<group>";
		};
		5AE551E424FBC3A100899F55 /* Product Detail */ = {
			isa = PBXGroup;
			children = (
				5AA4329C24F8031E0088424F /* ProductDetailView.swift */,
				5A515BAE24F9021300558DB3 /* productNutritionView.swift */,
				5A6D750724FAD296004EDD53 /* productNutritionCollectionView.swift */,
			);
			name = "Product Detail";
			sourceTree = "<group>";
		};
		5AE551E524FBC3B300899F55 /* ProductAmountView */ = {
			isa = PBXGroup;
			children = (
				5A515BB024F9120900558DB3 /* AmountView.swift */,
				5A6D750124FA8F4D004EDD53 /* AmountInputView.swift */,
			);
			name = ProductAmountView;
			sourceTree = "<group>";
		};
		5AFCA61C251F981D00A8080D /* Product Button */ = {
			isa = PBXGroup;
			children = (
				5AFCA61D251F983200A8080D /* ProductButton.swift */,
			);
			name = "Product Button";
			sourceTree = "<group>";
		};
/* End PBXGroup section */

/* Begin PBXNativeTarget section */
		5A49F0D92509588F00476CD7 /* WidgetViewExtension */ = {
			isa = PBXNativeTarget;
			buildConfigurationList = 5A49F0E92509588F00476CD7 /* Build configuration list for PBXNativeTarget "WidgetViewExtension" */;
			buildPhases = (
				5A49F0D62509588F00476CD7 /* Sources */,
				5A49F0D72509588F00476CD7 /* Frameworks */,
				5A49F0D82509588F00476CD7 /* Resources */,
			);
			buildRules = (
			);
			dependencies = (
			);
			name = WidgetViewExtension;
			productName = WidgetViewExtension;
			productReference = 5A49F0DA2509588F00476CD7 /* WidgetViewExtension.appex */;
			productType = "com.apple.product-type.app-extension";
		};
		5AA4327224F7F5040088424F /* NUTRI */ = {
			isa = PBXNativeTarget;
			buildConfigurationList = 5AA4328224F7F5050088424F /* Build configuration list for PBXNativeTarget "NUTRI" */;
			buildPhases = (
				5AA4326F24F7F5040088424F /* Sources */,
				5AA4327024F7F5040088424F /* Frameworks */,
				5AA4327124F7F5040088424F /* Resources */,
				5A49F0BA250957ED00476CD7 /* Embed Foundation Extensions */,
			);
			buildRules = (
			);
			dependencies = (
				5A49F0E72509588F00476CD7 /* PBXTargetDependency */,
			);
			name = NUTRI;
			productName = Kalorientracker;
			productReference = 5AA4327324F7F5040088424F /* NUTRI.app */;
			productType = "com.apple.product-type.application";
		};
/* End PBXNativeTarget section */

/* Begin PBXProject section */
		5AA4326B24F7F5040088424F /* Project object */ = {
			isa = PBXProject;
			attributes = {
				LastSwiftUpdateCheck = 1200;
				LastUpgradeCheck = 1400;
				TargetAttributes = {
					5A49F0D92509588F00476CD7 = {
						CreatedOnToolsVersion = 12.0;
					};
					5AA4327224F7F5040088424F = {
						CreatedOnToolsVersion = 12.0;
					};
				};
			};
			buildConfigurationList = 5AA4326E24F7F5040088424F /* Build configuration list for PBXProject "NUTRI" */;
			compatibilityVersion = "Xcode 9.3";
			developmentRegion = en;
			hasScannedForEncodings = 0;
			knownRegions = (
				en,
				de,
				Base,
			);
			mainGroup = 5AA4326A24F7F5040088424F;
			productRefGroup = 5AA4327424F7F5040088424F /* Products */;
			projectDirPath = "";
			projectRoot = "";
			targets = (
				5AA4327224F7F5040088424F /* NUTRI */,
				5A49F0D92509588F00476CD7 /* WidgetViewExtension */,
			);
		};
/* End PBXProject section */

/* Begin PBXResourcesBuildPhase section */
		5A49F0D82509588F00476CD7 /* Resources */ = {
			isa = PBXResourcesBuildPhase;
			buildActionMask = 2147483647;
			files = (
				5ADA9615250D535F00C9DEE1 /* Assets.xcassets in Resources */,
				5A6F8E0D2716CAC800B8A3A6 /* Localizable.strings in Resources */,
			);
			runOnlyForDeploymentPostprocessing = 0;
		};
		5AA4327124F7F5040088424F /* Resources */ = {
			isa = PBXResourcesBuildPhase;
			buildActionMask = 2147483647;
			files = (
				5ADA9614250D535E00C9DEE1 /* Assets.xcassets in Resources */,
				5A6F8E0C2716CAC800B8A3A6 /* Localizable.strings in Resources */,
				5A241E4C25272F4700867BD6 /* LaunchScreen.storyboard in Resources */,
			);
			runOnlyForDeploymentPostprocessing = 0;
		};
/* End PBXResourcesBuildPhase section */

/* Begin PBXSourcesBuildPhase section */
		5A49F0D62509588F00476CD7 /* Sources */ = {
			isa = PBXSourcesBuildPhase;
			buildActionMask = 2147483647;
			files = (
				5A69C4F8253D8024005CB4A0 /* BarForWidgetView.swift in Sources */,
				5ABDD31127293D5C00E949D3 /* WidgetData.swift in Sources */,
				5AB575C527287F0E00676A1D /* CircleView.swift in Sources */,
				5A820E5C250A8780003C7E81 /* PrintHelper.swift in Sources */,
				5A49F0DF2509588F00476CD7 /* WidgetView.swift in Sources */,
				5A2A7F07250A6A71004BD9BF /* Shapes.swift in Sources */,
			);
			runOnlyForDeploymentPostprocessing = 0;
		};
		5AA4326F24F7F5040088424F /* Sources */ = {
			isa = PBXSourcesBuildPhase;
			buildActionMask = 2147483647;
			files = (
				5A510175250683350043908E /* ChangeAmountView.swift in Sources */,
				5AD3367526EE6E7900AB4EBC /* AppInformation.swift in Sources */,
				5AA4329B24F801370088424F /* ProductListView.swift in Sources */,
				5A515BAF24F9021300558DB3 /* productNutritionView.swift in Sources */,
				5AA4329524F7F93C0088424F /* Product.swift in Sources */,
				5A51016C250650EE0043908E /* DatePickerListView.swift in Sources */,
				5A17C48F2515104700E2B13A /* LogbookCopyView.swift in Sources */,
				5A510177250688060043908E /* ChangeAmountInputView.swift in Sources */,
				5AC9B9BB250018020066030C /* BarView.swift in Sources */,
				5A5AEE7126F07FD40022706A /* TestView2.swift in Sources */,
				5AC5428526DA1D7D00720123 /* ResetView.swift in Sources */,
				5AB585282506CA7C003F9940 /* DatePickerForListView.swift in Sources */,
				5A06795A24F82FC100AA45B8 /* AppTabView.swift in Sources */,
				5A06795E24F8303C00AA45B8 /* Cart.swift in Sources */,
				5A51016A250650570043908E /* DatePickerView.swift in Sources */,
				5AA4329D24F8031E0088424F /* ProductDetailView.swift in Sources */,
				5A21005D26EFB08A00AB6204 /* TestView.swift in Sources */,
				5A5AEE7E26F0CF780022706A /* WebView.swift in Sources */,
				5A21005526EF5AF000AB6204 /* ImportListView.swift in Sources */,
				5A05544A25247E46008C9D52 /* StartScreen.swift in Sources */,
				5A8E26E425121ABE00E6F472 /* ProductOrder.swift in Sources */,
				5A510161250615270043908E /* EachMealTotalListView.swift in Sources */,
				5A29013B250811C0003E48F6 /* MailView.swift in Sources */,
				5A6E16C42729CF8700FED93F /* ImportView.swift in Sources */,
				5AF7E12825165CC400B6F0B6 /* ProductFilteredListView.swift in Sources */,
				5A0C3AE52502403E008AE6C7 /* DestinationAmountInputView.swift in Sources */,
				5A06796224F8337D00AA45B8 /* LogbookView.swift in Sources */,
				5AACD7122519F3CF0027A548 /* ProductEditView.swift in Sources */,
				5A0C3AE325024011008AE6C7 /* DestinationAmountView.swift in Sources */,
				5A8E26DD2512123F00E6F472 /* ProductConfigurationAmountInputView.swift in Sources */,
				5A3577BC251BC01F0097521A /* ProductAmountInputView.swift in Sources */,
				5A21005126EF556E00AB6204 /* ExportListView.swift in Sources */,
				5A51016E250655E20043908E /* DatePickerButtonView.swift in Sources */,
				5A51015F25060E640043908E /* EachMealTotalView.swift in Sources */,
				5A6D750224FA8F4D004EDD53 /* AmountInputView.swift in Sources */,
				5AA4329F24F821170088424F /* LabelView.swift in Sources */,
				5A6D750824FAD296004EDD53 /* productNutritionCollectionView.swift in Sources */,
				5A06795C24F82FE500AA45B8 /* DashboardView.swift in Sources */,
				5ABDD31027293CCC00E949D3 /* WidgetData.swift in Sources */,
				5A21005A26EFB06B00AB6204 /* TestListView.swift in Sources */,
				5AB575C72728811600676A1D /* CircleView.swift in Sources */,
				5A5AEE7B26F0BE5E0022706A /* BetaSignView.swift in Sources */,
				5A30846B252354A3008A2DA3 /* FirstStartApp.swift in Sources */,
				5A2E051D2503B2910011DA50 /* InformationView.swift in Sources */,
				5A2E051F2503B48E0011DA50 /* InformationListView.swift in Sources */,
				5A749BEB2508C7A500E3EE82 /* ContactListView.swift in Sources */,
				5A394E3724FE5C3300E046A6 /* LogbookProductDetailView.swift in Sources */,
				5A394E3924FE5C7700E046A6 /* LogbookProductListView.swift in Sources */,
				5AFCA61E251F983200A8080D /* ProductButton.swift in Sources */,
				5A69C50F253DE18A005CB4A0 /* AppData.swift in Sources */,
				5A510165250647190043908E /* EachMealTotalAmountView.swift in Sources */,
				5A8E26CE251208B200E6F472 /* ProductsView.swift in Sources */,
				5A21175026F1EF2B00CCF542 /* ExportHelper.swift in Sources */,
				5AC9B9B9250010FE0066030C /* LogbookProductSectionView.swift in Sources */,
				5A21175326F1EF9100CCF542 /* Doc.swift in Sources */,
				5ADCAE3225027ADC00E71D3E /* DestinationAmountListView.swift in Sources */,
				5A47423C24FEE2EC000E5222 /* PrintHelper.swift in Sources */,
				5AC5428726DA1DDB00720123 /* ResetListView.swift in Sources */,
				5AD3448E2754D4F90002F63F /* TrainingSettings.swift in Sources */,
				5A8E26D82512110D00E6F472 /* ProductConfigurationView.swift in Sources */,
				5A120AE82731651900AB9296 /* ButtonStyles.swift in Sources */,
				5A6D750024FA8CE7004EDD53 /* Extensions.swift in Sources */,
				5AB575C627287F4C00676A1D /* BarForWidgetView.swift in Sources */,
				5A45767626F7599900BE6CAF /* LabelIconView.swift in Sources */,
				5A515BB124F9120900558DB3 /* AmountView.swift in Sources */,
				5A06796024F832F500AA45B8 /* SettingsView.swift in Sources */,
				5A3804CA25017C0500D9FAF4 /* Shapes.swift in Sources */,
				5A21005326EF557D00AB6204 /* ExportView.swift in Sources */,
				5AA4327724F7F5040088424F /* KalorientrackerApp.swift in Sources */,
			);
			runOnlyForDeploymentPostprocessing = 0;
		};
/* End PBXSourcesBuildPhase section */

/* Begin PBXTargetDependency section */
		5A49F0E72509588F00476CD7 /* PBXTargetDependency */ = {
			isa = PBXTargetDependency;
			target = 5A49F0D92509588F00476CD7 /* WidgetViewExtension */;
			targetProxy = 5A49F0E62509588F00476CD7 /* PBXContainerItemProxy */;
		};
/* End PBXTargetDependency section */

/* Begin PBXVariantGroup section */
		5A37057F250FAAD0002397A7 /* WidgetView.intentdefinition */ = {
			isa = PBXVariantGroup;
			children = (
				5ACB04D925407DBB00134239 /* en */,
				5A4B6A0227E78E950029FDA9 /* en */,
			);
			name = WidgetView.intentdefinition;
			sourceTree = "<group>";
		};
		5A6F8E0F2716CAC800B8A3A6 /* Localizable.strings */ = {
			isa = PBXVariantGroup;
			children = (
				5A6F8E0E2716CAC800B8A3A6 /* en */,
				5A6F8E102716CAD800B8A3A6 /* de */,
			);
			name = Localizable.strings;
			sourceTree = "<group>";
		};
/* End PBXVariantGroup section */

/* Begin XCBuildConfiguration section */
		5A49F0EA2509588F00476CD7 /* Debug */ = {
			isa = XCBuildConfiguration;
			buildSettings = {
				ASSETCATALOG_COMPILER_GLOBAL_ACCENT_COLOR_NAME = AccentColor;
				ASSETCATALOG_COMPILER_WIDGET_BACKGROUND_COLOR_NAME = WidgetBackground;
				CODE_SIGN_ENTITLEMENTS = WidgetViewExtension.entitlements;
				CODE_SIGN_IDENTITY = "Apple Development";
				CODE_SIGN_STYLE = Automatic;
				CURRENT_PROJECT_VERSION = 72;
				DEVELOPMENT_TEAM = 43J5JGL5JP;
				INFOPLIST_FILE = WidgetView/Info.plist;
				LD_RUNPATH_SEARCH_PATHS = (
					"$(inherited)",
					"@executable_path/Frameworks",
					"@executable_path/../../Frameworks",
				);
				MARKETING_VERSION = 1.6.2;
				PRODUCT_BUNDLE_IDENTIFIER = com.fezer.Kalorientracker.WidgetView;
				PRODUCT_NAME = "$(TARGET_NAME)";
				PROVISIONING_PROFILE_SPECIFIER = "";
				SKIP_INSTALL = YES;
				SUPPORTS_MACCATALYST = NO;
				SWIFT_VERSION = 5.0;
				TARGETED_DEVICE_FAMILY = "1,2";
			};
			name = Debug;
		};
		5A49F0EB2509588F00476CD7 /* Release */ = {
			isa = XCBuildConfiguration;
			buildSettings = {
				ASSETCATALOG_COMPILER_GLOBAL_ACCENT_COLOR_NAME = AccentColor;
				ASSETCATALOG_COMPILER_WIDGET_BACKGROUND_COLOR_NAME = WidgetBackground;
				CODE_SIGN_ENTITLEMENTS = WidgetViewExtension.entitlements;
				CODE_SIGN_IDENTITY = "Apple Development";
				CODE_SIGN_STYLE = Automatic;
				CURRENT_PROJECT_VERSION = 72;
				DEVELOPMENT_TEAM = 43J5JGL5JP;
				INFOPLIST_FILE = WidgetView/Info.plist;
				LD_RUNPATH_SEARCH_PATHS = (
					"$(inherited)",
					"@executable_path/Frameworks",
					"@executable_path/../../Frameworks",
				);
				MARKETING_VERSION = 1.6.2;
				PRODUCT_BUNDLE_IDENTIFIER = com.fezer.Kalorientracker.WidgetView;
				PRODUCT_NAME = "$(TARGET_NAME)";
				PROVISIONING_PROFILE_SPECIFIER = "";
				SKIP_INSTALL = YES;
				SUPPORTS_MACCATALYST = NO;
				SWIFT_VERSION = 5.0;
				TARGETED_DEVICE_FAMILY = "1,2";
			};
			name = Release;
		};
		5AA4328024F7F5050088424F /* Debug */ = {
			isa = XCBuildConfiguration;
			buildSettings = {
				ALWAYS_SEARCH_USER_PATHS = NO;
				CLANG_ANALYZER_LOCALIZABILITY_NONLOCALIZED = YES;
				CLANG_ANALYZER_NONNULL = YES;
				CLANG_ANALYZER_NUMBER_OBJECT_CONVERSION = YES_AGGRESSIVE;
				CLANG_CXX_LANGUAGE_STANDARD = "gnu++14";
				CLANG_CXX_LIBRARY = "libc++";
				CLANG_ENABLE_MODULES = YES;
				CLANG_ENABLE_OBJC_ARC = YES;
				CLANG_ENABLE_OBJC_WEAK = YES;
				CLANG_WARN_BLOCK_CAPTURE_AUTORELEASING = YES;
				CLANG_WARN_BOOL_CONVERSION = YES;
				CLANG_WARN_COMMA = YES;
				CLANG_WARN_CONSTANT_CONVERSION = YES;
				CLANG_WARN_DEPRECATED_OBJC_IMPLEMENTATIONS = YES;
				CLANG_WARN_DIRECT_OBJC_ISA_USAGE = YES_ERROR;
				CLANG_WARN_DOCUMENTATION_COMMENTS = YES;
				CLANG_WARN_EMPTY_BODY = YES;
				CLANG_WARN_ENUM_CONVERSION = YES;
				CLANG_WARN_INFINITE_RECURSION = YES;
				CLANG_WARN_INT_CONVERSION = YES;
				CLANG_WARN_NON_LITERAL_NULL_CONVERSION = YES;
				CLANG_WARN_OBJC_IMPLICIT_RETAIN_SELF = YES;
				CLANG_WARN_OBJC_LITERAL_CONVERSION = YES;
				CLANG_WARN_OBJC_ROOT_CLASS = YES_ERROR;
				CLANG_WARN_QUOTED_INCLUDE_IN_FRAMEWORK_HEADER = YES;
				CLANG_WARN_RANGE_LOOP_ANALYSIS = YES;
				CLANG_WARN_STRICT_PROTOTYPES = YES;
				CLANG_WARN_SUSPICIOUS_MOVE = YES;
				CLANG_WARN_UNGUARDED_AVAILABILITY = YES_AGGRESSIVE;
				CLANG_WARN_UNREACHABLE_CODE = YES;
				CLANG_WARN__DUPLICATE_METHOD_MATCH = YES;
				COPY_PHASE_STRIP = NO;
				DEBUG_INFORMATION_FORMAT = dwarf;
				ENABLE_STRICT_OBJC_MSGSEND = YES;
				ENABLE_TESTABILITY = YES;
				GCC_C_LANGUAGE_STANDARD = gnu11;
				GCC_DYNAMIC_NO_PIC = NO;
				GCC_NO_COMMON_BLOCKS = YES;
				GCC_OPTIMIZATION_LEVEL = 0;
				GCC_PREPROCESSOR_DEFINITIONS = (
					"DEBUG=1",
					"$(inherited)",
				);
				GCC_WARN_64_TO_32_BIT_CONVERSION = YES;
				GCC_WARN_ABOUT_RETURN_TYPE = YES_ERROR;
				GCC_WARN_UNDECLARED_SELECTOR = YES;
				GCC_WARN_UNINITIALIZED_AUTOS = YES_AGGRESSIVE;
				GCC_WARN_UNUSED_FUNCTION = YES;
				GCC_WARN_UNUSED_VARIABLE = YES;
				IPHONEOS_DEPLOYMENT_TARGET = 15.0;
				MTL_ENABLE_DEBUG_INFO = INCLUDE_SOURCE;
				MTL_FAST_MATH = YES;
				ONLY_ACTIVE_ARCH = YES;
				SDKROOT = iphoneos;
				SWIFT_ACTIVE_COMPILATION_CONDITIONS = DEBUG;
				SWIFT_OPTIMIZATION_LEVEL = "-Onone";
			};
			name = Debug;
		};
		5AA4328124F7F5050088424F /* Release */ = {
			isa = XCBuildConfiguration;
			buildSettings = {
				ALWAYS_SEARCH_USER_PATHS = NO;
				CLANG_ANALYZER_LOCALIZABILITY_NONLOCALIZED = YES;
				CLANG_ANALYZER_NONNULL = YES;
				CLANG_ANALYZER_NUMBER_OBJECT_CONVERSION = YES_AGGRESSIVE;
				CLANG_CXX_LANGUAGE_STANDARD = "gnu++14";
				CLANG_CXX_LIBRARY = "libc++";
				CLANG_ENABLE_MODULES = YES;
				CLANG_ENABLE_OBJC_ARC = YES;
				CLANG_ENABLE_OBJC_WEAK = YES;
				CLANG_WARN_BLOCK_CAPTURE_AUTORELEASING = YES;
				CLANG_WARN_BOOL_CONVERSION = YES;
				CLANG_WARN_COMMA = YES;
				CLANG_WARN_CONSTANT_CONVERSION = YES;
				CLANG_WARN_DEPRECATED_OBJC_IMPLEMENTATIONS = YES;
				CLANG_WARN_DIRECT_OBJC_ISA_USAGE = YES_ERROR;
				CLANG_WARN_DOCUMENTATION_COMMENTS = YES;
				CLANG_WARN_EMPTY_BODY = YES;
				CLANG_WARN_ENUM_CONVERSION = YES;
				CLANG_WARN_INFINITE_RECURSION = YES;
				CLANG_WARN_INT_CONVERSION = YES;
				CLANG_WARN_NON_LITERAL_NULL_CONVERSION = YES;
				CLANG_WARN_OBJC_IMPLICIT_RETAIN_SELF = YES;
				CLANG_WARN_OBJC_LITERAL_CONVERSION = YES;
				CLANG_WARN_OBJC_ROOT_CLASS = YES_ERROR;
				CLANG_WARN_QUOTED_INCLUDE_IN_FRAMEWORK_HEADER = YES;
				CLANG_WARN_RANGE_LOOP_ANALYSIS = YES;
				CLANG_WARN_STRICT_PROTOTYPES = YES;
				CLANG_WARN_SUSPICIOUS_MOVE = YES;
				CLANG_WARN_UNGUARDED_AVAILABILITY = YES_AGGRESSIVE;
				CLANG_WARN_UNREACHABLE_CODE = YES;
				CLANG_WARN__DUPLICATE_METHOD_MATCH = YES;
				COPY_PHASE_STRIP = NO;
				DEBUG_INFORMATION_FORMAT = "dwarf-with-dsym";
				ENABLE_NS_ASSERTIONS = NO;
				ENABLE_STRICT_OBJC_MSGSEND = YES;
				GCC_C_LANGUAGE_STANDARD = gnu11;
				GCC_NO_COMMON_BLOCKS = YES;
				GCC_WARN_64_TO_32_BIT_CONVERSION = YES;
				GCC_WARN_ABOUT_RETURN_TYPE = YES_ERROR;
				GCC_WARN_UNDECLARED_SELECTOR = YES;
				GCC_WARN_UNINITIALIZED_AUTOS = YES_AGGRESSIVE;
				GCC_WARN_UNUSED_FUNCTION = YES;
				GCC_WARN_UNUSED_VARIABLE = YES;
				IPHONEOS_DEPLOYMENT_TARGET = 15.0;
				MTL_ENABLE_DEBUG_INFO = NO;
				MTL_FAST_MATH = YES;
				SDKROOT = iphoneos;
				SWIFT_COMPILATION_MODE = wholemodule;
				SWIFT_OPTIMIZATION_LEVEL = "-O";
				VALIDATE_PRODUCT = YES;
			};
			name = Release;
		};
		5AA4328324F7F5050088424F /* Debug */ = {
			isa = XCBuildConfiguration;
			buildSettings = {
				ALWAYS_EMBED_SWIFT_STANDARD_LIBRARIES = YES;
				ASSETCATALOG_COMPILER_APPICON_NAME = AppIcon;
				ASSETCATALOG_COMPILER_GLOBAL_ACCENT_COLOR_NAME = AccentColor;
				CODE_SIGN_ENTITLEMENTS = Kalorientracker/Kalorientracker.entitlements;
				CODE_SIGN_IDENTITY = "Apple Development";
				CODE_SIGN_STYLE = Automatic;
				CURRENT_PROJECT_VERSION = 72;
				DEVELOPMENT_ASSET_PATHS = "\"Kalorientracker/Preview Content\"";
				DEVELOPMENT_TEAM = 43J5JGL5JP;
				ENABLE_PREVIEWS = YES;
				INFOPLIST_FILE = Kalorientracker/Info.plist;
				IPHONEOS_DEPLOYMENT_TARGET = 15.0;
				LD_RUNPATH_SEARCH_PATHS = (
					"$(inherited)",
					"@executable_path/Frameworks",
				);
				MARKETING_VERSION = 1.6.2;
				PRODUCT_BUNDLE_IDENTIFIER = com.fezer.Kalorientracker;
				PRODUCT_NAME = "$(TARGET_NAME)";
				PROVISIONING_PROFILE_SPECIFIER = "";
				SUPPORTS_MACCATALYST = NO;
				SWIFT_VERSION = 5.0;
				TARGETED_DEVICE_FAMILY = "1,2";
			};
			name = Debug;
		};
		5AA4328424F7F5050088424F /* Release */ = {
			isa = XCBuildConfiguration;
			buildSettings = {
				ALWAYS_EMBED_SWIFT_STANDARD_LIBRARIES = YES;
				ASSETCATALOG_COMPILER_APPICON_NAME = AppIcon;
				ASSETCATALOG_COMPILER_GLOBAL_ACCENT_COLOR_NAME = AccentColor;
				CODE_SIGN_ENTITLEMENTS = Kalorientracker/Kalorientracker.entitlements;
				CODE_SIGN_IDENTITY = "Apple Development";
				CODE_SIGN_STYLE = Automatic;
				CURRENT_PROJECT_VERSION = 72;
				DEVELOPMENT_ASSET_PATHS = "\"Kalorientracker/Preview Content\"";
				DEVELOPMENT_TEAM = 43J5JGL5JP;
				ENABLE_PREVIEWS = YES;
				INFOPLIST_FILE = Kalorientracker/Info.plist;
				IPHONEOS_DEPLOYMENT_TARGET = 15.0;
				LD_RUNPATH_SEARCH_PATHS = (
					"$(inherited)",
					"@executable_path/Frameworks",
				);
				MARKETING_VERSION = 1.6.2;
				PRODUCT_BUNDLE_IDENTIFIER = com.fezer.Kalorientracker;
				PRODUCT_NAME = "$(TARGET_NAME)";
				PROVISIONING_PROFILE_SPECIFIER = "";
				SUPPORTS_MACCATALYST = NO;
				SWIFT_VERSION = 5.0;
				TARGETED_DEVICE_FAMILY = "1,2";
			};
			name = Release;
		};
/* End XCBuildConfiguration section */

/* Begin XCConfigurationList section */
		5A49F0E92509588F00476CD7 /* Build configuration list for PBXNativeTarget "WidgetViewExtension" */ = {
			isa = XCConfigurationList;
			buildConfigurations = (
				5A49F0EA2509588F00476CD7 /* Debug */,
				5A49F0EB2509588F00476CD7 /* Release */,
			);
			defaultConfigurationIsVisible = 0;
			defaultConfigurationName = Release;
		};
		5AA4326E24F7F5040088424F /* Build configuration list for PBXProject "NUTRI" */ = {
			isa = XCConfigurationList;
			buildConfigurations = (
				5AA4328024F7F5050088424F /* Debug */,
				5AA4328124F7F5050088424F /* Release */,
			);
			defaultConfigurationIsVisible = 0;
			defaultConfigurationName = Release;
		};
		5AA4328224F7F5050088424F /* Build configuration list for PBXNativeTarget "NUTRI" */ = {
			isa = XCConfigurationList;
			buildConfigurations = (
				5AA4328324F7F5050088424F /* Debug */,
				5AA4328424F7F5050088424F /* Release */,
			);
			defaultConfigurationIsVisible = 0;
			defaultConfigurationName = Release;
		};
/* End XCConfigurationList section */
	};
	rootObject = 5AA4326B24F7F5040088424F /* Project object */;
}
